
Microsoft Visual Studio Solution File, Format Version 12.00
# Visual Studio Version 16
VisualStudioVersion = 16.0.31613.86
MinimumVisualStudioVersion = 10.0.40219.1
Project("{9A19103F-16F7-4668-BE54-9A1E7A4F7556}") = "ToDoApi", "ToDoApi\ToDoApi.csproj", "{E66522EE-30BA-4D0B-811A-14B46B1CAD01}"
EndProject
Project("{9A19103F-16F7-4668-BE54-9A1E7A4F7556}") = "ToDoCore", "ToDoCore\ToDoCore.csproj", "{8D915F19-9B76-4176-9534-043AAEAA4D63}"
EndProject
Project("{9A19103F-16F7-4668-BE54-9A1E7A4F7556}") = "ToDoInfrastructure", "ToDoInfrastructure\ToDoInfrastructure.csproj", "{E67DD433-467C-4832-A70E-254EAB4098EA}"
EndProject
Project("{2150E333-8FDC-42A3-9474-1A3956D46DE8}") = "Solution Items", "Solution Items", "{7F8FE767-EE51-417B-A745-D936A11278DB}"
	ProjectSection(SolutionItems) = preProject
		.editorconfig = .editorconfig
	EndProjectSection
EndProject
Global
	GlobalSection(SolutionConfigurationPlatforms) = preSolution
		Debug|Any CPU = Debug|Any CPU
		Release|Any CPU = Release|Any CPU
	EndGlobalSection
	GlobalSection(ProjectConfigurationPlatforms) = postSolution
		{E66522EE-30BA-4D0B-811A-14B46B1CAD01}.Debug|Any CPU.ActiveCfg = Debug|Any CPU
		{E66522EE-30BA-4D0B-811A-14B46B1CAD01}.Debug|Any CPU.Build.0 = Debug|Any CPU
		{E66522EE-30BA-4D0B-811A-14B46B1CAD01}.Release|Any CPU.ActiveCfg = Release|Any CPU
		{E66522EE-30BA-4D0B-811A-14B46B1CAD01}.Release|Any CPU.Build.0 = Release|Any CPU
		{8D915F19-9B76-4176-9534-043AAEAA4D63}.Debug|Any CPU.ActiveCfg = Debug|Any CPU
		{8D915F19-9B76-4176-9534-043AAEAA4D63}.Debug|Any CPU.Build.0 = Debug|Any CPU
		{8D915F19-9B76-4176-9534-043AAEAA4D63}.Release|Any CPU.ActiveCfg = Release|Any CPU
		{8D915F19-9B76-4176-9534-043AAEAA4D63}.Release|Any CPU.Build.0 = Release|Any CPU
		{E67DD433-467C-4832-A70E-254EAB4098EA}.Debug|Any CPU.ActiveCfg = Debug|Any CPU
		{E67DD433-467C-4832-A70E-254EAB4098EA}.Debug|Any CPU.Build.0 = Debug|Any CPU
		{E67DD433-467C-4832-A70E-254EAB4098EA}.Release|Any CPU.ActiveCfg = Release|Any CPU
		{E67DD433-467C-4832-A70E-254EAB4098EA}.Release|Any CPU.Build.0 = Release|Any CPU
	EndGlobalSection
	GlobalSection(SolutionProperties) = preSolution
		HideSolutionNode = FALSE
	EndGlobalSection
	GlobalSection(ExtensibilityGlobals) = postSolution
		SolutionGuid = {A867F1E8-E420-477A-B034-E106F1741F6C}
	EndGlobalSection
EndGlobal
